
Microsoft Visual Studio Solution File, Format Version 12.00
# Visual Studio Version 17
VisualStudioVersion = 17.2.32526.322
MinimumVisualStudioVersion = 10.0.40219.1
Project("{FAE04EC0-301F-11D3-BF4B-00C04F79EFBC}") = "Binary Gap", "Binary Gap\Binary Gap.csproj", "{FFAFC82A-0988-429F-BA1B-70F09A353656}"
EndProject
Project("{FAE04EC0-301F-11D3-BF4B-00C04F79EFBC}") = "TestProject1", "TestProject1\TestProject1.csproj", "{887DC181-D005-4DB0-BBB7-96EEFD0A4AA3}"
EndProject
Global
	GlobalSection(SolutionConfigurationPlatforms) = preSolution
		Debug|Any CPU = Debug|Any CPU
		Release|Any CPU = Release|Any CPU
	EndGlobalSection
	GlobalSection(ProjectConfigurationPlatforms) = postSolution
		{FFAFC82A-0988-429F-BA1B-70F09A353656}.Debug|Any CPU.ActiveCfg = Debug|Any CPU
		{FFAFC82A-0988-429F-BA1B-70F09A353656}.Debug|Any CPU.Build.0 = Debug|Any CPU
		{FFAFC82A-0988-429F-BA1B-70F09A353656}.Release|Any CPU.ActiveCfg = Release|Any CPU
		{FFAFC82A-0988-429F-BA1B-70F09A353656}.Release|Any CPU.Build.0 = Release|Any CPU
		{887DC181-D005-4DB0-BBB7-96EEFD0A4AA3}.Debug|Any CPU.ActiveCfg = Debug|Any CPU
		{887DC181-D005-4DB0-BBB7-96EEFD0A4AA3}.Debug|Any CPU.Build.0 = Debug|Any CPU
		{887DC181-D005-4DB0-BBB7-96EEFD0A4AA3}.Release|Any CPU.ActiveCfg = Release|Any CPU
		{887DC181-D005-4DB0-BBB7-96EEFD0A4AA3}.Release|Any CPU.Build.0 = Release|Any CPU
	EndGlobalSection
	GlobalSection(SolutionProperties) = preSolution
		HideSolutionNode = FALSE
	EndGlobalSection
	GlobalSection(ExtensibilityGlobals) = postSolution
		SolutionGuid = {342D5C44-0BC8-45DA-8B88-705261C8BB9E}
	EndGlobalSection
EndGlobal
